
Microsoft Visual Studio Solution File, Format Version 12.00
# Visual Studio Version 17
VisualStudioVersion = 17.10.35122.118
MinimumVisualStudioVersion = 10.0.40219.1
Project("{FAE04EC0-301F-11D3-BF4B-00C04F79EFBC}") = "Main Method Assignment", "Main Method Assignment\Main Method Assignment.csproj", "{D6FC0C13-0DDD-4C43-877F-252CC4143064}"
EndProject
Global
	GlobalSection(SolutionConfigurationPlatforms) = preSolution
		Debug|Any CPU = Debug|Any CPU
		Release|Any CPU = Release|Any CPU
	EndGlobalSection
	GlobalSection(ProjectConfigurationPlatforms) = postSolution
		{D6FC0C13-0DDD-4C43-877F-252CC4143064}.Debug|Any CPU.ActiveCfg = Debug|Any CPU
		{D6FC0C13-0DDD-4C43-877F-252CC4143064}.Debug|Any CPU.Build.0 = Debug|Any CPU
		{D6FC0C13-0DDD-4C43-877F-252CC4143064}.Release|Any CPU.ActiveCfg = Release|Any CPU
		{D6FC0C13-0DDD-4C43-877F-252CC4143064}.Release|Any CPU.Build.0 = Release|Any CPU
	EndGlobalSection
	GlobalSection(SolutionProperties) = preSolution
		HideSolutionNode = FALSE
	EndGlobalSection
	GlobalSection(ExtensibilityGlobals) = postSolution
		SolutionGuid = {F84D3377-48DC-4F06-91BE-246767A0BC39}
	EndGlobalSection
EndGlobal
