
Microsoft Visual Studio Solution File, Format Version 12.00
# Visual Studio Version 17
VisualStudioVersion = 17.10.35122.118
MinimumVisualStudioVersion = 10.0.40219.1
Project("{FAE04EC0-301F-11D3-BF4B-00C04F79EFBC}") = "Branching Submission Assignment", "Branching Submission Assignment\Branching Submission Assignment.csproj", "{193D5534-F823-4394-83CA-BE9A5E49F5FF}"
EndProject
Global
	GlobalSection(SolutionConfigurationPlatforms) = preSolution
		Debug|Any CPU = Debug|Any CPU
		Release|Any CPU = Release|Any CPU
	EndGlobalSection
	GlobalSection(ProjectConfigurationPlatforms) = postSolution
		{193D5534-F823-4394-83CA-BE9A5E49F5FF}.Debug|Any CPU.ActiveCfg = Debug|Any CPU
		{193D5534-F823-4394-83CA-BE9A5E49F5FF}.Debug|Any CPU.Build.0 = Debug|Any CPU
		{193D5534-F823-4394-83CA-BE9A5E49F5FF}.Release|Any CPU.ActiveCfg = Release|Any CPU
		{193D5534-F823-4394-83CA-BE9A5E49F5FF}.Release|Any CPU.Build.0 = Release|Any CPU
	EndGlobalSection
	GlobalSection(SolutionProperties) = preSolution
		HideSolutionNode = FALSE
	EndGlobalSection
	GlobalSection(ExtensibilityGlobals) = postSolution
		SolutionGuid = {81478999-3ED9-450D-9859-AE64964FC286}
	EndGlobalSection
EndGlobal
