
Microsoft Visual Studio Solution File, Format Version 12.00
# Visual Studio Version 17
VisualStudioVersion = 17.10.35122.118
MinimumVisualStudioVersion = 10.0.40219.1
Project("{FAE04EC0-301F-11D3-BF4B-00C04F79EFBC}") = "NewsletterAPPMVC", "NewsletterAPPMVC\NewsletterAPPMVC.csproj", "{794E9597-F193-4582-B072-90CCB2F0DE65}"
EndProject
Global
	GlobalSection(SolutionConfigurationPlatforms) = preSolution
		Debug|Any CPU = Debug|Any CPU
		Release|Any CPU = Release|Any CPU
	EndGlobalSection
	GlobalSection(ProjectConfigurationPlatforms) = postSolution
		{794E9597-F193-4582-B072-90CCB2F0DE65}.Debug|Any CPU.ActiveCfg = Debug|Any CPU
		{794E9597-F193-4582-B072-90CCB2F0DE65}.Debug|Any CPU.Build.0 = Debug|Any CPU
		{794E9597-F193-4582-B072-90CCB2F0DE65}.Release|Any CPU.ActiveCfg = Release|Any CPU
		{794E9597-F193-4582-B072-90CCB2F0DE65}.Release|Any CPU.Build.0 = Release|Any CPU
	EndGlobalSection
	GlobalSection(SolutionProperties) = preSolution
		HideSolutionNode = FALSE
	EndGlobalSection
	GlobalSection(ExtensibilityGlobals) = postSolution
		SolutionGuid = {A1758B0E-058A-44D4-A2ED-1DAA9F8E59F7}
	EndGlobalSection
EndGlobal
