
Microsoft Visual Studio Solution File, Format Version 12.00
# Visual Studio Version 17
VisualStudioVersion = 17.10.35122.118
MinimumVisualStudioVersion = 10.0.40219.1
Project("{FAE04EC0-301F-11D3-BF4B-00C04F79EFBC}") = "Methods and Objects", "Methods and Objects\Methods and Objects.csproj", "{DBFFEF34-0699-4ECB-892A-F0BE59ED06B9}"
EndProject
Global
	GlobalSection(SolutionConfigurationPlatforms) = preSolution
		Debug|Any CPU = Debug|Any CPU
		Release|Any CPU = Release|Any CPU
	EndGlobalSection
	GlobalSection(ProjectConfigurationPlatforms) = postSolution
		{DBFFEF34-0699-4ECB-892A-F0BE59ED06B9}.Debug|Any CPU.ActiveCfg = Debug|Any CPU
		{DBFFEF34-0699-4ECB-892A-F0BE59ED06B9}.Debug|Any CPU.Build.0 = Debug|Any CPU
		{DBFFEF34-0699-4ECB-892A-F0BE59ED06B9}.Release|Any CPU.ActiveCfg = Release|Any CPU
		{DBFFEF34-0699-4ECB-892A-F0BE59ED06B9}.Release|Any CPU.Build.0 = Release|Any CPU
	EndGlobalSection
	GlobalSection(SolutionProperties) = preSolution
		HideSolutionNode = FALSE
	EndGlobalSection
	GlobalSection(ExtensibilityGlobals) = postSolution
		SolutionGuid = {4E5C0A62-6E0A-4E28-97E5-EF6FF472DD5C}
	EndGlobalSection
EndGlobal
